{
    "_meta": {
        "hash": {
            "sha256": "07918d177c6d03c7252c3543bedefbb71ac6c70d36b9eeda44e98fcace4208a8"
        },
        "pipfile-spec": 6,
        "requires": {
            "python_version": "3.7"
        },
        "sources": [
            {
                "name": "pypi",
                "url": "https://pypi.org/simple",
                "verify_ssl": true
            }
        ]
    },
    "default": {
        "ironcore-alloy": {
            "hashes": [
                "sha256:1a88f38e666bc39bd8410d3d195f63aaf2d11ba2657f8b3dce53e6035e17923e",
                "sha256:87ff9dfa6e4c2998e8e4d79eee8e7fbd5f5f3424b0a207746148681ac150767d",
                "sha256:94ae15da24ffead572fd2c114d730ed67947fd169df94460f7f0820fc8ae05ec",
                "sha256:d8312dbc1da023aca8c705dbb29aff7a2ad8ddad728cd2a4ae6a30a97156595c"
            ],
            "index": "pypi",
            "markers": "python_version >= '3.7'",
            "version": "==0.9.1"
        }
    },
    "develop": {}
}
